
Microsoft Visual Studio Solution File, Format Version 12.00
# Visual Studio Version 17
VisualStudioVersion = 17.8.34511.84
MinimumVisualStudioVersion = 10.0.40219.1
Project("{FAE04EC0-301F-11D3-BF4B-00C04F79EFBC}") = "CleanCodeExamplesDotNet7", "CleanCodeExamplesDotNet7\CleanCodeExamplesDotNet7.csproj", "{D10FC884-6638-4792-9DC4-75D0494A9F66}"
EndProject
Global
	GlobalSection(SolutionConfigurationPlatforms) = preSolution
		Debug|Any CPU = Debug|Any CPU
		Release|Any CPU = Release|Any CPU
	EndGlobalSection
	GlobalSection(ProjectConfigurationPlatforms) = postSolution
		{D10FC884-6638-4792-9DC4-75D0494A9F66}.Debug|Any CPU.ActiveCfg = Debug|Any CPU
		{D10FC884-6638-4792-9DC4-75D0494A9F66}.Debug|Any CPU.Build.0 = Debug|Any CPU
		{D10FC884-6638-4792-9DC4-75D0494A9F66}.Release|Any CPU.ActiveCfg = Release|Any CPU
		{D10FC884-6638-4792-9DC4-75D0494A9F66}.Release|Any CPU.Build.0 = Release|Any CPU
	EndGlobalSection
	GlobalSection(SolutionProperties) = preSolution
		HideSolutionNode = FALSE
	EndGlobalSection
	GlobalSection(ExtensibilityGlobals) = postSolution
		SolutionGuid = {94FF17D0-D055-4912-B71C-52AFF8E8A2A5}
	EndGlobalSection
EndGlobal
